# THIS IS AN AUTOGENERATED FILE. DO NOT EDIT THIS FILE DIRECTLY.
# yarn lockfile v1


ahoy.js@^0.3.7:
  version "0.3.7"
  resolved "https://registry.yarnpkg.com/ahoy.js/-/ahoy.js-0.3.7.tgz#545256a915ab0dc038ebeb3e8b6a65496dc9c2c6"
  integrity sha512-3IGJdqMK1C8vzaIAv/BgdPepRw0zoYZo1QiMjJM0f/PlhRJDr8CfAy0QpvroNoz0vxWin2vyM9i7v3/0nTE5gw==
  dependencies:
    object-to-formdata "^4.0.0"

object-to-formdata@^4.0.0:
  version "4.1.0"
  resolved "https://registry.yarnpkg.com/object-to-formdata/-/object-to-formdata-4.1.0.tgz#0d7bdd6f9e4efa8c0075a770c11ec92b7bf6c560"
  integrity sha512-4Ti3VLTspWOUt5QIBl5/BpvLBnr4tbFpZ/FpXKWQFqLslvGIB3ug3jurW/k8iIpoyE6HcZhhmQ6mFiOq1tKGEQ==
